// !$*UTF8*$!
{
	archiveVersion = 1;
	classes = {
	};
	objectVersion = 46;
	objects = {

/* Begin PBXBuildFile section */
		061998331F32E03C009E5F5F /* AppDelegate.swift in Sources */ = {isa = PBXBuildFile; fileRef = 061998321F32E03C009E5F5F /* AppDelegate.swift */; };
		061998351F32E03C009E5F5F /* ViewController.swift in Sources */ = {isa = PBXBuildFile; fileRef = 061998341F32E03C009E5F5F /* ViewController.swift */; };
		0619983A1F32E03C009E5F5F /* Assets.xcassets in Resources */ = {isa = PBXBuildFile; fileRef = 061998391F32E03C009E5F5F /* Assets.xcassets */; };
		0619983D1F32E03C009E5F5F /* LaunchScreen.storyboard in Resources */ = {isa = PBXBuildFile; fileRef = 0619983B1F32E03C009E5F5F /* LaunchScreen.storyboard */; };
		84F4687C1F35DCB70099B7DF /* Main.storyboard in Resources */ = {isa = PBXBuildFile; fileRef = 84F4687B1F35DCB70099B7DF /* Main.storyboard */; };
/* End PBXBuildFile section */

/* Begin PBXFileReference section */
		0619982F1F32E03C009E5F5F /* WebContentDemo.app */ = {isa = PBXFileReference; explicitFileType = wrapper.application; includeInIndex = 0; path = WebContentDemo.app; sourceTree = BUILT_PRODUCTS_DIR; };
		061998321F32E03C009E5F5F /* AppDelegate.swift */ = {isa = PBXFileReference; lastKnownFileType = sourcecode.swift; path = AppDelegate.swift; sourceTree = "<group>"; };
		061998341F32E03C009E5F5F /* ViewController.swift */ = {isa = PBXFileReference; lastKnownFileType = sourcecode.swift; path = ViewController.swift; sourceTree = "<group>"; };
		061998391F32E03C009E5F5F /* Assets.xcassets */ = {isa = PBXFileReference; lastKnownFileType = folder.assetcatalog; path = Assets.xcassets; sourceTree = "<group>"; };
		0619983C1F32E03C009E5F5F /* Base */ = {isa = PBXFileReference; lastKnownFileType = file.storyboard; name = Base; path = Base.lproj/LaunchScreen.storyboard; sourceTree = "<group>"; };
		0619983E1F32E03C009E5F5F /* Info.plist */ = {isa = PBXFileReference; lastKnownFileType = text.plist.xml; path = Info.plist; sourceTree = "<group>"; };
		84F4687B1F35DCB70099B7DF /* Main.storyboard */ = {isa = PBXFileReference; fileEncoding = 4; lastKnownFileType = file.storyboard; path = Main.storyboard; sourceTree = "<group>"; };
/* End PBXFileReference section */

/* Begin PBXFrameworksBuildPhase section */
		0619982C1F32E03C009E5F5F /* Frameworks */ = {
			isa = PBXFrameworksBuildPhase;
			buildActionMask = 2147483647;
			files = (
			);
			runOnlyForDeploymentPostprocessing = 0;
		};
/* End PBXFrameworksBuildPhase section */

/* Begin PBXGroup section */
		061998261F32E03C009E5F5F = {
			isa = PBXGroup;
			children = (
				061998311F32E03C009E5F5F /* WebContentDemo */,
				061998301F32E03C009E5F5F /* Products */,
			);
			sourceTree = "<group>";
		};
		061998301F32E03C009E5F5F /* Products */ = {
			isa = PBXGroup;
			children = (
				0619982F1F32E03C009E5F5F /* WebContentDemo.app */,
			);
			name = Products;
			sourceTree = "<group>";
		};
		061998311F32E03C009E5F5F /* WebContentDemo */ = {
			isa = PBXGroup;
			children = (
				84F4687B1F35DCB70099B7DF /* Main.storyboard */,
				061998321F32E03C009E5F5F /* AppDelegate.swift */,
				061998341F32E03C009E5F5F /* ViewController.swift */,
				061998391F32E03C009E5F5F /* Assets.xcassets */,
				0619983B1F32E03C009E5F5F /* LaunchScreen.storyboard */,
				0619983E1F32E03C009E5F5F /* Info.plist */,
			);
			path = WebContentDemo;
			sourceTree = "<group>";
		};
/* End PBXGroup section */

/* Begin PBXNativeTarget section */
		0619982E1F32E03C009E5F5F /* WebContentDemo */ = {
			isa = PBXNativeTarget;
			buildConfigurationList = 061998411F32E03C009E5F5F /* Build configuration list for PBXNativeTarget "WebContentDemo" */;
			buildPhases = (
				0619982B1F32E03C009E5F5F /* Sources */,
				0619982C1F32E03C009E5F5F /* Frameworks */,
				0619982D1F32E03C009E5F5F /* Resources */,
			);
			buildRules = (
			);
			dependencies = (
			);
			name = WebContentDemo;
			productName = WebContentDemo;
			productReference = 0619982F1F32E03C009E5F5F /* WebContentDemo.app */;
			productType = "com.apple.product-type.application";
		};
/* End PBXNativeTarget section */

/* Begin PBXProject section */
		061998271F32E03C009E5F5F /* Project object */ = {
			isa = PBXProject;
			attributes = {
				LastSwiftUpdateCheck = 0830;
				LastUpgradeCheck = 0830;
				ORGANIZATIONNAME = TIPQC;
				TargetAttributes = {
					0619982E1F32E03C009E5F5F = {
						CreatedOnToolsVersion = 8.3.3;
						ProvisioningStyle = Automatic;
					};
				};
			};
			buildConfigurationList = 0619982A1F32E03C009E5F5F /* Build configuration list for PBXProject "WebContentDemo" */;
			compatibilityVersion = "Xcode 3.2";
			developmentRegion = English;
			hasScannedForEncodings = 0;
			knownRegions = (
				en,
				Base,
			);
			mainGroup = 061998261F32E03C009E5F5F;
			productRefGroup = 061998301F32E03C009E5F5F /* Products */;
			projectDirPath = "";
			projectRoot = "";
			targets = (
				0619982E1F32E03C009E5F5F /* WebContentDemo */,
			);
		};
/* End PBXProject section */

/* Begin PBXResourcesBuildPhase section */
		0619982D1F32E03C009E5F5F /* Resources */ = {
			isa = PBXResourcesBuildPhase;
			buildActionMask = 2147483647;
			files = (
				84F4687C1F35DCB70099B7DF /* Main.storyboard in Resources */,
				0619983D1F32E03C009E5F5F /* LaunchScreen.storyboard in Resources */,
				0619983A1F32E03C009E5F5F /* Assets.xcassets in Resources */,
			);
			runOnlyForDeploymentPostprocessing = 0;
		};
/* End PBXResourcesBuildPhase section */

/* Begin PBXSourcesBuildPhase section */
		0619982B1F32E03C009E5F5F /* Sources */ = {
			isa = PBXSourcesBuildPhase;
			buildActionMask = 2147483647;
			files = (
				061998351F32E03C009E5F5F /* ViewController.swift in Sources */,
				061998331F32E03C009E5F5F /* AppDelegate.swift in Sources */,
			);
			runOnlyForDeploymentPostprocessing = 0;
		};
/* End PBXSourcesBuildPhase section */

/* Begin PBXVariantGroup section */
		0619983B1F32E03C009E5F5F /* LaunchScreen.storyboard */ = {
			isa = PBXVariantGroup;
			children = (
				0619983C1F32E03C009E5F5F /* Base */,
			);
			name = LaunchScreen.storyboard;
			sourceTree = "<group>";
		};
/* End PBXVariantGroup section */

/* Begin XCBuildConfiguration section */
		0619983F1F32E03C009E5F5F /* Debug */ = {
			isa = XCBuildConfiguration;
			buildSettings = {
				ALWAYS_SEARCH_USER_PATHS = NO;
				CLANG_ANALYZER_NONNULL = YES;
				CLANG_ANALYZER_NUMBER_OBJECT_CONVERSION = YES_AGGRESSIVE;
				CLANG_CXX_LANGUAGE_STANDARD = "gnu++0x";
				CLANG_CXX_LIBRARY = "libc++";
				CLANG_ENABLE_MODULES = YES;
				CLANG_ENABLE_OBJC_ARC = YES;
				CLANG_WARN_BOOL_CONVERSION = YES;
				CLANG_WARN_CONSTANT_CONVERSION = YES;
				CLANG_WARN_DIRECT_OBJC_ISA_USAGE = YES_ERROR;
				CLANG_WARN_DOCUMENTATION_COMMENTS = YES;
				CLANG_WARN_EMPTY_BODY = YES;
				CLANG_WARN_ENUM_CONVERSION = YES;
				CLANG_WARN_INFINITE_RECURSION = YES;
				CLANG_WARN_INT_CONVERSION = YES;
				CLANG_WARN_OBJC_ROOT_CLASS = YES_ERROR;
				CLANG_WARN_SUSPICIOUS_MOVE = YES;
				CLANG_WARN_UNREACHABLE_CODE = YES;
				CLANG_WARN__DUPLICATE_METHOD_MATCH = YES;
				"CODE_SIGN_IDENTITY[sdk=iphoneos*]" = "iPhone Developer";
				COPY_PHASE_STRIP = NO;
				DEBUG_INFORMATION_FORMAT = dwarf;
				ENABLE_STRICT_OBJC_MSGSEND = YES;
				ENABLE_TESTABILITY = YES;
				GCC_C_LANGUAGE_STANDARD = gnu99;
				GCC_DYNAMIC_NO_PIC = NO;
				GCC_NO_COMMON_BLOCKS = YES;
				GCC_OPTIMIZATION_LEVEL = 0;
				GCC_PREPROCESSOR_DEFINITIONS = (
					"DEBUG=1",
					"$(inherited)",
				);
				GCC_WARN_64_TO_32_BIT_CONVERSION = YES;
				GCC_WARN_ABOUT_RETURN_TYPE = YES_ERROR;
				GCC_WARN_UNDECLARED_SELECTOR = YES;
				GCC_WARN_UNINITIALIZED_AUTOS = YES_AGGRESSIVE;
				GCC_WARN_UNUSED_FUNCTION = YES;
				GCC_WARN_UNUSED_VARIABLE = YES;
				IPHONEOS_DEPLOYMENT_TARGET = 10.3;
				MTL_ENABLE_DEBUG_INFO = YES;
				ONLY_ACTIVE_ARCH = YES;
				SDKROOT = iphoneos;
				SWIFT_ACTIVE_COMPILATION_CONDITIONS = DEBUG;
				SWIFT_OPTIMIZATION_LEVEL = "-Onone";
				TARGETED_DEVICE_FAMILY = "1,2";
			};
			name = Debug;
		};
		061998401F32E03C009E5F5F /* Release */ = {
			isa = XCBuildConfiguration;
			buildSettings = {
				ALWAYS_SEARCH_USER_PATHS = NO;
				CLANG_ANALYZER_NONNULL = YES;
				CLANG_ANALYZER_NUMBER_OBJECT_CONVERSION = YES_AGGRESSIVE;
				CLANG_CXX_LANGUAGE_STANDARD = "gnu++0x";
				CLANG_CXX_LIBRARY = "libc++";
				CLANG_ENABLE_MODULES = YES;
				CLANG_ENABLE_OBJC_ARC = YES;
				CLANG_WARN_BOOL_CONVERSION = YES;
				CLANG_WARN_CONSTANT_CONVERSION = YES;
				CLANG_WARN_DIRECT_OBJC_ISA_USAGE = YES_ERROR;
				CLANG_WARN_DOCUMENTATION_COMMENTS = YES;
				CLANG_WARN_EMPTY_BODY = YES;
				CLANG_WARN_ENUM_CONVERSION = YES;
				CLANG_WARN_INFINITE_RECURSION = YES;
				CLANG_WARN_INT_CONVERSION = YES;
				CLANG_WARN_OBJC_ROOT_CLASS = YES_ERROR;
				CLANG_WARN_SUSPICIOUS_MOVE = YES;
				CLANG_WARN_UNREACHABLE_CODE = YES;
				CLANG_WARN__DUPLICATE_METHOD_MATCH = YES;
				"CODE_SIGN_IDENTITY[sdk=iphoneos*]" = "iPhone Developer";
				COPY_PHASE_STRIP = NO;
				DEBUG_INFORMATION_FORMAT = "dwarf-with-dsym";
				ENABLE_NS_ASSERTIONS = NO;
				ENABLE_STRICT_OBJC_MSGSEND = YES;
				GCC_C_LANGUAGE_STANDARD = gnu99;
				GCC_NO_COMMON_BLOCKS = YES;
				GCC_WARN_64_TO_32_BIT_CONVERSION = YES;
				GCC_WARN_ABOUT_RETURN_TYPE = YES_ERROR;
				GCC_WARN_UNDECLARED_SELECTOR = YES;
				GCC_WARN_UNINITIALIZED_AUTOS = YES_AGGRESSIVE;
				GCC_WARN_UNUSED_FUNCTION = YES;
				GCC_WARN_UNUSED_VARIABLE = YES;
				IPHONEOS_DEPLOYMENT_TARGET = 10.3;
				MTL_ENABLE_DEBUG_INFO = NO;
				SDKROOT = iphoneos;
				SWIFT_OPTIMIZATION_LEVEL = "-Owholemodule";
				TARGETED_DEVICE_FAMILY = "1,2";
				VALIDATE_PRODUCT = YES;
			};
			name = Release;
		};
		061998421F32E03C009E5F5F /* Debug */ = {
			isa = XCBuildConfiguration;
			buildSettings = {
				ASSETCATALOG_COMPILER_APPICON_NAME = AppIcon;
				INFOPLIST_FILE = WebContentDemo/Info.plist;
				LD_RUNPATH_SEARCH_PATHS = "$(inherited) @executable_path/Frameworks";
				PRODUCT_BUNDLE_IDENTIFIER = com.enriquez.WebContentDemo;
				PRODUCT_NAME = "$(TARGET_NAME)";
				SWIFT_VERSION = 3.0;
			};
			name = Debug;
		};
		061998431F32E03C009E5F5F /* Release */ = {
			isa = XCBuildConfiguration;
			buildSettings = {
				ASSETCATALOG_COMPILER_APPICON_NAME = AppIcon;
				INFOPLIST_FILE = WebContentDemo/Info.plist;
				LD_RUNPATH_SEARCH_PATHS = "$(inherited) @executable_path/Frameworks";
				PRODUCT_BUNDLE_IDENTIFIER = com.enriquez.WebContentDemo;
				PRODUCT_NAME = "$(TARGET_NAME)";
				SWIFT_VERSION = 3.0;
			};
			name = Release;
		};
/* End XCBuildConfiguration section */

/* Begin XCConfigurationList section */
		0619982A1F32E03C009E5F5F /* Build configuration list for PBXProject "WebContentDemo" */ = {
			isa = XCConfigurationList;
			buildConfigurations = (
				0619983F1F32E03C009E5F5F /* Debug */,
				061998401F32E03C009E5F5F /* Release */,
			);
			defaultConfigurationIsVisible = 0;
			defaultConfigurationName = Release;
		};
		061998411F32E03C009E5F5F /* Build configuration list for PBXNativeTarget "WebContentDemo" */ = {
			isa = XCConfigurationList;
			buildConfigurations = (
				061998421F32E03C009E5F5F /* Debug */,
				061998431F32E03C009E5F5F /* Release */,
			);
			defaultConfigurationIsVisible = 0;
			defaultConfigurationName = Release;
		};
/* End XCConfigurationList section */
	};
	rootObject = 061998271F32E03C009E5F5F /* Project object */;
}
